// !$*UTF8*$!
{
	archiveVersion = 1;
	classes = {
	};
	objectVersion = 77;
	objects = {

/* Begin PBXContainerItemProxy section */
		060032492D844FCD001BAAE9 /* PBXContainerItemProxy */ = {
			isa = PBXContainerItemProxy;
			containerPortal = 060032302D844FCA001BAAE9 /* Project object */;
			proxyType = 1;
			remoteGlobalIDString = 060032372D844FCA001BAAE9;
			remoteInfo = "MyWallet-SwiftUI";
		};
		060032532D844FCD001BAAE9 /* PBXContainerItemProxy */ = {
			isa = PBXContainerItemProxy;
			containerPortal = 060032302D844FCA001BAAE9 /* Project object */;
			proxyType = 1;
			remoteGlobalIDString = 060032372D844FCA001BAAE9;
			remoteInfo = "MyWallet-SwiftUI";
		};
/* End PBXContainerItemProxy section */

/* Begin PBXFileReference section */
		060032382D844FCA001BAAE9 /* MyWallet-SwiftUI.app */ = {isa = PBXFileReference; explicitFileType = wrapper.application; includeInIndex = 0; path = "MyWallet-SwiftUI.app"; sourceTree = BUILT_PRODUCTS_DIR; };
		060032482D844FCD001BAAE9 /* MyWallet-SwiftUITests.xctest */ = {isa = PBXFileReference; explicitFileType = wrapper.cfbundle; includeInIndex = 0; path = "MyWallet-SwiftUITests.xctest"; sourceTree = BUILT_PRODUCTS_DIR; };
		060032522D844FCD001BAAE9 /* MyWallet-SwiftUIUITests.xctest */ = {isa = PBXFileReference; explicitFileType = wrapper.cfbundle; includeInIndex = 0; path = "MyWallet-SwiftUIUITests.xctest"; sourceTree = BUILT_PRODUCTS_DIR; };
/* End PBXFileReference section */

/* Begin PBXFileSystemSynchronizedRootGroup section */
		0600323A2D844FCA001BAAE9 /* MyWallet-SwiftUI */ = {
			isa = PBXFileSystemSynchronizedRootGroup;
			path = "MyWallet-SwiftUI";
			sourceTree = "<group>";
		};
		0600324B2D844FCD001BAAE9 /* MyWallet-SwiftUITests */ = {
			isa = PBXFileSystemSynchronizedRootGroup;
			path = "MyWallet-SwiftUITests";
			sourceTree = "<group>";
		};
		060032552D844FCD001BAAE9 /* MyWallet-SwiftUIUITests */ = {
			isa = PBXFileSystemSynchronizedRootGroup;
			path = "MyWallet-SwiftUIUITests";
			sourceTree = "<group>";
		};
/* End PBXFileSystemSynchronizedRootGroup section */

/* Begin PBXFrameworksBuildPhase section */
		060032352D844FCA001BAAE9 /* Frameworks */ = {
			isa = PBXFrameworksBuildPhase;
			buildActionMask = 2147483647;
			files = (
			);
			runOnlyForDeploymentPostprocessing = 0;
		};
		060032452D844FCD001BAAE9 /* Frameworks */ = {
			isa = PBXFrameworksBuildPhase;
			buildActionMask = 2147483647;
			files = (
			);
			runOnlyForDeploymentPostprocessing = 0;
		};
		0600324F2D844FCD001BAAE9 /* Frameworks */ = {
			isa = PBXFrameworksBuildPhase;
			buildActionMask = 2147483647;
			files = (
			);
			runOnlyForDeploymentPostprocessing = 0;
		};
/* End PBXFrameworksBuildPhase section */

/* Begin PBXGroup section */
		0600322F2D844FCA001BAAE9 = {
			isa = PBXGroup;
			children = (
				0600323A2D844FCA001BAAE9 /* MyWallet-SwiftUI */,
				0600324B2D844FCD001BAAE9 /* MyWallet-SwiftUITests */,
				060032552D844FCD001BAAE9 /* MyWallet-SwiftUIUITests */,
				060032392D844FCA001BAAE9 /* Products */,
			);
			sourceTree = "<group>";
		};
		060032392D844FCA001BAAE9 /* Products */ = {
			isa = PBXGroup;
			children = (
				060032382D844FCA001BAAE9 /* MyWallet-SwiftUI.app */,
				060032482D844FCD001BAAE9 /* MyWallet-SwiftUITests.xctest */,
				060032522D844FCD001BAAE9 /* MyWallet-SwiftUIUITests.xctest */,
			);
			name = Products;
			sourceTree = "<group>";
		};
/* End PBXGroup section */

/* Begin PBXNativeTarget section */
		060032372D844FCA001BAAE9 /* MyWallet-SwiftUI */ = {
			isa = PBXNativeTarget;
			buildConfigurationList = 0600325C2D844FCD001BAAE9 /* Build configuration list for PBXNativeTarget "MyWallet-SwiftUI" */;
			buildPhases = (
				060032342D844FCA001BAAE9 /* Sources */,
				060032352D844FCA001BAAE9 /* Frameworks */,
				060032362D844FCA001BAAE9 /* Resources */,
			);
			buildRules = (
			);
			dependencies = (
			);
			fileSystemSynchronizedGroups = (
				0600323A2D844FCA001BAAE9 /* MyWallet-SwiftUI */,
			);
			name = "MyWallet-SwiftUI";
			packageProductDependencies = (
			);
			productName = "MyWallet-SwiftUI";
			productReference = 060032382D844FCA001BAAE9 /* MyWallet-SwiftUI.app */;
			productType = "com.apple.product-type.application";
		};
		060032472D844FCD001BAAE9 /* MyWallet-SwiftUITests */ = {
			isa = PBXNativeTarget;
			buildConfigurationList = 0600325F2D844FCD001BAAE9 /* Build configuration list for PBXNativeTarget "MyWallet-SwiftUITests" */;
			buildPhases = (
				060032442D844FCD001BAAE9 /* Sources */,
				060032452D844FCD001BAAE9 /* Frameworks */,
				060032462D844FCD001BAAE9 /* Resources */,
			);
			buildRules = (
			);
			dependencies = (
				0600324A2D844FCD001BAAE9 /* PBXTargetDependency */,
			);
			fileSystemSynchronizedGroups = (
				0600324B2D844FCD001BAAE9 /* MyWallet-SwiftUITests */,
			);
			name = "MyWallet-SwiftUITests";
			packageProductDependencies = (
			);
			productName = "MyWallet-SwiftUITests";
			productReference = 060032482D844FCD001BAAE9 /* MyWallet-SwiftUITests.xctest */;
			productType = "com.apple.product-type.bundle.unit-test";
		};
		060032512D844FCD001BAAE9 /* MyWallet-SwiftUIUITests */ = {
			isa = PBXNativeTarget;
			buildConfigurationList = 060032622D844FCD001BAAE9 /* Build configuration list for PBXNativeTarget "MyWallet-SwiftUIUITests" */;
			buildPhases = (
				0600324E2D844FCD001BAAE9 /* Sources */,
				0600324F2D844FCD001BAAE9 /* Frameworks */,
				060032502D844FCD001BAAE9 /* Resources */,
			);
			buildRules = (
			);
			dependencies = (
				060032542D844FCD001BAAE9 /* PBXTargetDependency */,
			);
			fileSystemSynchronizedGroups = (
				060032552D844FCD001BAAE9 /* MyWallet-SwiftUIUITests */,
			);
			name = "MyWallet-SwiftUIUITests";
			packageProductDependencies = (
			);
			productName = "MyWallet-SwiftUIUITests";
			productReference = 060032522D844FCD001BAAE9 /* MyWallet-SwiftUIUITests.xctest */;
			productType = "com.apple.product-type.bundle.ui-testing";
		};
/* End PBXNativeTarget section */

/* Begin PBXProject section */
		060032302D844FCA001BAAE9 /* Project object */ = {
			isa = PBXProject;
			attributes = {
				BuildIndependentTargetsInParallel = 1;
				LastSwiftUpdateCheck = 1600;
				LastUpgradeCheck = 1600;
				TargetAttributes = {
					060032372D844FCA001BAAE9 = {
						CreatedOnToolsVersion = 16.0;
					};
					060032472D844FCD001BAAE9 = {
						CreatedOnToolsVersion = 16.0;
						TestTargetID = 060032372D844FCA001BAAE9;
					};
					060032512D844FCD001BAAE9 = {
						CreatedOnToolsVersion = 16.0;
						TestTargetID = 060032372D844FCA001BAAE9;
					};
				};
			};
			buildConfigurationList = 060032332D844FCA001BAAE9 /* Build configuration list for PBXProject "MyWallet-SwiftUI" */;
			developmentRegion = en;
			hasScannedForEncodings = 0;
			knownRegions = (
				en,
				Base,
			);
			mainGroup = 0600322F2D844FCA001BAAE9;
			minimizedProjectReferenceProxies = 1;
			preferredProjectObjectVersion = 77;
			productRefGroup = 060032392D844FCA001BAAE9 /* Products */;
			projectDirPath = "";
			projectRoot = "";
			targets = (
				060032372D844FCA001BAAE9 /* MyWallet-SwiftUI */,
				060032472D844FCD001BAAE9 /* MyWallet-SwiftUITests */,
				060032512D844FCD001BAAE9 /* MyWallet-SwiftUIUITests */,
			);
		};
/* End PBXProject section */

/* Begin PBXResourcesBuildPhase section */
		060032362D844FCA001BAAE9 /* Resources */ = {
			isa = PBXResourcesBuildPhase;
			buildActionMask = 2147483647;
			files = (
			);
			runOnlyForDeploymentPostprocessing = 0;
		};
		060032462D844FCD001BAAE9 /* Resources */ = {
			isa = PBXResourcesBuildPhase;
			buildActionMask = 2147483647;
			files = (
			);
			runOnlyForDeploymentPostprocessing = 0;
		};
		060032502D844FCD001BAAE9 /* Resources */ = {
			isa = PBXResourcesBuildPhase;
			buildActionMask = 2147483647;
			files = (
			);
			runOnlyForDeploymentPostprocessing = 0;
		};
/* End PBXResourcesBuildPhase section */

/* Begin PBXSourcesBuildPhase section */
		060032342D844FCA001BAAE9 /* Sources */ = {
			isa = PBXSourcesBuildPhase;
			buildActionMask = 2147483647;
			files = (
			);
			runOnlyForDeploymentPostprocessing = 0;
		};
		060032442D844FCD001BAAE9 /* Sources */ = {
			isa = PBXSourcesBuildPhase;
			buildActionMask = 2147483647;
			files = (
			);
			runOnlyForDeploymentPostprocessing = 0;
		};
		0600324E2D844FCD001BAAE9 /* Sources */ = {
			isa = PBXSourcesBuildPhase;
			buildActionMask = 2147483647;
			files = (
			);
			runOnlyForDeploymentPostprocessing = 0;
		};
/* End PBXSourcesBuildPhase section */

/* Begin PBXTargetDependency section */
		0600324A2D844FCD001BAAE9 /* PBXTargetDependency */ = {
			isa = PBXTargetDependency;
			target = 060032372D844FCA001BAAE9 /* MyWallet-SwiftUI */;
			targetProxy = 060032492D844FCD001BAAE9 /* PBXContainerItemProxy */;
		};
		060032542D844FCD001BAAE9 /* PBXTargetDependency */ = {
			isa = PBXTargetDependency;
			target = 060032372D844FCA001BAAE9 /* MyWallet-SwiftUI */;
			targetProxy = 060032532D844FCD001BAAE9 /* PBXContainerItemProxy */;
		};
/* End PBXTargetDependency section */

/* Begin XCBuildConfiguration section */
		0600325A2D844FCD001BAAE9 /* Debug */ = {
			isa = XCBuildConfiguration;
			buildSettings = {
				ALWAYS_SEARCH_USER_PATHS = NO;
				ASSETCATALOG_COMPILER_GENERATE_SWIFT_ASSET_SYMBOL_EXTENSIONS = YES;
				CLANG_ANALYZER_NONNULL = YES;
				CLANG_ANALYZER_NUMBER_OBJECT_CONVERSION = YES_AGGRESSIVE;
				CLANG_CXX_LANGUAGE_STANDARD = "gnu++20";
				CLANG_ENABLE_MODULES = YES;
				CLANG_ENABLE_OBJC_ARC = YES;
				CLANG_ENABLE_OBJC_WEAK = YES;
				CLANG_WARN_BLOCK_CAPTURE_AUTORELEASING = YES;
				CLANG_WARN_BOOL_CONVERSION = YES;
				CLANG_WARN_COMMA = YES;
				CLANG_WARN_CONSTANT_CONVERSION = YES;
				CLANG_WARN_DEPRECATED_OBJC_IMPLEMENTATIONS = YES;
				CLANG_WARN_DIRECT_OBJC_ISA_USAGE = YES_ERROR;
				CLANG_WARN_DOCUMENTATION_COMMENTS = YES;
				CLANG_WARN_EMPTY_BODY = YES;
				CLANG_WARN_ENUM_CONVERSION = YES;
				CLANG_WARN_INFINITE_RECURSION = YES;
				CLANG_WARN_INT_CONVERSION = YES;
				CLANG_WARN_NON_LITERAL_NULL_CONVERSION = YES;
				CLANG_WARN_OBJC_IMPLICIT_RETAIN_SELF = YES;
				CLANG_WARN_OBJC_LITERAL_CONVERSION = YES;
				CLANG_WARN_OBJC_ROOT_CLASS = YES_ERROR;
				CLANG_WARN_QUOTED_INCLUDE_IN_FRAMEWORK_HEADER = YES;
				CLANG_WARN_RANGE_LOOP_ANALYSIS = YES;
				CLANG_WARN_STRICT_PROTOTYPES = YES;
				CLANG_WARN_SUSPICIOUS_MOVE = YES;
				CLANG_WARN_UNGUARDED_AVAILABILITY = YES_AGGRESSIVE;
				CLANG_WARN_UNREACHABLE_CODE = YES;
				CLANG_WARN__DUPLICATE_METHOD_MATCH = YES;
				COPY_PHASE_STRIP = NO;
				DEBUG_INFORMATION_FORMAT = dwarf;
				ENABLE_STRICT_OBJC_MSGSEND = YES;
				ENABLE_TESTABILITY = YES;
				ENABLE_USER_SCRIPT_SANDBOXING = YES;
				GCC_C_LANGUAGE_STANDARD = gnu17;
				GCC_DYNAMIC_NO_PIC = NO;
				GCC_NO_COMMON_BLOCKS = YES;
				GCC_OPTIMIZATION_LEVEL = 0;
				GCC_PREPROCESSOR_DEFINITIONS = (
					"DEBUG=1",
					"$(inherited)",
				);
				GCC_WARN_64_TO_32_BIT_CONVERSION = YES;
				GCC_WARN_ABOUT_RETURN_TYPE = YES_ERROR;
				GCC_WARN_UNDECLARED_SELECTOR = YES;
				GCC_WARN_UNINITIALIZED_AUTOS = YES_AGGRESSIVE;
				GCC_WARN_UNUSED_FUNCTION = YES;
				GCC_WARN_UNUSED_VARIABLE = YES;
				IPHONEOS_DEPLOYMENT_TARGET = 18.0;
				LOCALIZATION_PREFERS_STRING_CATALOGS = YES;
				MTL_ENABLE_DEBUG_INFO = INCLUDE_SOURCE;
				MTL_FAST_MATH = YES;
				ONLY_ACTIVE_ARCH = YES;
				SDKROOT = iphoneos;
				SWIFT_ACTIVE_COMPILATION_CONDITIONS = "DEBUG $(inherited)";
				SWIFT_OPTIMIZATION_LEVEL = "-Onone";
			};
			name = Debug;
		};
		0600325B2D844FCD001BAAE9 /* Release */ = {
			isa = XCBuildConfiguration;
			buildSettings = {
				ALWAYS_SEARCH_USER_PATHS = NO;
				ASSETCATALOG_COMPILER_GENERATE_SWIFT_ASSET_SYMBOL_EXTENSIONS = YES;
				CLANG_ANALYZER_NONNULL = YES;
				CLANG_ANALYZER_NUMBER_OBJECT_CONVERSION = YES_AGGRESSIVE;
				CLANG_CXX_LANGUAGE_STANDARD = "gnu++20";
				CLANG_ENABLE_MODULES = YES;
				CLANG_ENABLE_OBJC_ARC = YES;
				CLANG_ENABLE_OBJC_WEAK = YES;
				CLANG_WARN_BLOCK_CAPTURE_AUTORELEASING = YES;
				CLANG_WARN_BOOL_CONVERSION = YES;
				CLANG_WARN_COMMA = YES;
				CLANG_WARN_CONSTANT_CONVERSION = YES;
				CLANG_WARN_DEPRECATED_OBJC_IMPLEMENTATIONS = YES;
				CLANG_WARN_DIRECT_OBJC_ISA_USAGE = YES_ERROR;
				CLANG_WARN_DOCUMENTATION_COMMENTS = YES;
				CLANG_WARN_EMPTY_BODY = YES;
				CLANG_WARN_ENUM_CONVERSION = YES;
				CLANG_WARN_INFINITE_RECURSION = YES;
				CLANG_WARN_INT_CONVERSION = YES;
				CLANG_WARN_NON_LITERAL_NULL_CONVERSION = YES;
				CLANG_WARN_OBJC_IMPLICIT_RETAIN_SELF = YES;
				CLANG_WARN_OBJC_LITERAL_CONVERSION = YES;
				CLANG_WARN_OBJC_ROOT_CLASS = YES_ERROR;
				CLANG_WARN_QUOTED_INCLUDE_IN_FRAMEWORK_HEADER = YES;
				CLANG_WARN_RANGE_LOOP_ANALYSIS = YES;
				CLANG_WARN_STRICT_PROTOTYPES = YES;
				CLANG_WARN_SUSPICIOUS_MOVE = YES;
				CLANG_WARN_UNGUARDED_AVAILABILITY = YES_AGGRESSIVE;
				CLANG_WARN_UNREACHABLE_CODE = YES;
				CLANG_WARN__DUPLICATE_METHOD_MATCH = YES;
				COPY_PHASE_STRIP = NO;
				DEBUG_INFORMATION_FORMAT = "dwarf-with-dsym";
				ENABLE_NS_ASSERTIONS = NO;
				ENABLE_STRICT_OBJC_MSGSEND = YES;
				ENABLE_USER_SCRIPT_SANDBOXING = YES;
				GCC_C_LANGUAGE_STANDARD = gnu17;
				GCC_NO_COMMON_BLOCKS = YES;
				GCC_WARN_64_TO_32_BIT_CONVERSION = YES;
				GCC_WARN_ABOUT_RETURN_TYPE = YES_ERROR;
				GCC_WARN_UNDECLARED_SELECTOR = YES;
				GCC_WARN_UNINITIALIZED_AUTOS = YES_AGGRESSIVE;
				GCC_WARN_UNUSED_FUNCTION = YES;
				GCC_WARN_UNUSED_VARIABLE = YES;
				IPHONEOS_DEPLOYMENT_TARGET = 18.0;
				LOCALIZATION_PREFERS_STRING_CATALOGS = YES;
				MTL_ENABLE_DEBUG_INFO = NO;
				MTL_FAST_MATH = YES;
				SDKROOT = iphoneos;
				SWIFT_COMPILATION_MODE = wholemodule;
				VALIDATE_PRODUCT = YES;
			};
			name = Release;
		};
		0600325D2D844FCD001BAAE9 /* Debug */ = {
			isa = XCBuildConfiguration;
			buildSettings = {
				ASSETCATALOG_COMPILER_APPICON_NAME = AppIcon;
				ASSETCATALOG_COMPILER_GLOBAL_ACCENT_COLOR_NAME = AccentColor;
				CODE_SIGN_STYLE = Automatic;
				CURRENT_PROJECT_VERSION = 1;
				DEVELOPMENT_ASSET_PATHS = "\"MyWallet-SwiftUI/Preview Content\"";
				ENABLE_PREVIEWS = YES;
				GENERATE_INFOPLIST_FILE = YES;
				INFOPLIST_KEY_UIApplicationSceneManifest_Generation = YES;
				INFOPLIST_KEY_UIApplicationSupportsIndirectInputEvents = YES;
				INFOPLIST_KEY_UILaunchScreen_Generation = YES;
				INFOPLIST_KEY_UISupportedInterfaceOrientations_iPad = "UIInterfaceOrientationPortrait UIInterfaceOrientationPortraitUpsideDown UIInterfaceOrientationLandscapeLeft UIInterfaceOrientationLandscapeRight";
				INFOPLIST_KEY_UISupportedInterfaceOrientations_iPhone = "UIInterfaceOrientationPortrait UIInterfaceOrientationLandscapeLeft UIInterfaceOrientationLandscapeRight";
				LD_RUNPATH_SEARCH_PATHS = (
					"$(inherited)",
					"@executable_path/Frameworks",
				);
				MARKETING_VERSION = 1.0;
				PRODUCT_BUNDLE_IDENTIFIER = "nimishmothghare.MyWallet-SwiftUI";
				PRODUCT_NAME = "$(TARGET_NAME)";
				SWIFT_EMIT_LOC_STRINGS = YES;
				SWIFT_VERSION = 5.0;
				TARGETED_DEVICE_FAMILY = "1,2";
			};
			name = Debug;
		};
		0600325E2D844FCD001BAAE9 /* Release */ = {
			isa = XCBuildConfiguration;
			buildSettings = {
				ASSETCATALOG_COMPILER_APPICON_NAME = AppIcon;
				ASSETCATALOG_COMPILER_GLOBAL_ACCENT_COLOR_NAME = AccentColor;
				CODE_SIGN_STYLE = Automatic;
				CURRENT_PROJECT_VERSION = 1;
				DEVELOPMENT_ASSET_PATHS = "\"MyWallet-SwiftUI/Preview Content\"";
				ENABLE_PREVIEWS = YES;
				GENERATE_INFOPLIST_FILE = YES;
				INFOPLIST_KEY_UIApplicationSceneManifest_Generation = YES;
				INFOPLIST_KEY_UIApplicationSupportsIndirectInputEvents = YES;
				INFOPLIST_KEY_UILaunchScreen_Generation = YES;
				INFOPLIST_KEY_UISupportedInterfaceOrientations_iPad = "UIInterfaceOrientationPortrait UIInterfaceOrientationPortraitUpsideDown UIInterfaceOrientationLandscapeLeft UIInterfaceOrientationLandscapeRight";
				INFOPLIST_KEY_UISupportedInterfaceOrientations_iPhone = "UIInterfaceOrientationPortrait UIInterfaceOrientationLandscapeLeft UIInterfaceOrientationLandscapeRight";
				LD_RUNPATH_SEARCH_PATHS = (
					"$(inherited)",
					"@executable_path/Frameworks",
				);
				MARKETING_VERSION = 1.0;
				PRODUCT_BUNDLE_IDENTIFIER = "nimishmothghare.MyWallet-SwiftUI";
				PRODUCT_NAME = "$(TARGET_NAME)";
				SWIFT_EMIT_LOC_STRINGS = YES;
				SWIFT_VERSION = 5.0;
				TARGETED_DEVICE_FAMILY = "1,2";
			};
			name = Release;
		};
		060032602D844FCD001BAAE9 /* Debug */ = {
			isa = XCBuildConfiguration;
			buildSettings = {
				BUNDLE_LOADER = "$(TEST_HOST)";
				CODE_SIGN_STYLE = Automatic;
				CURRENT_PROJECT_VERSION = 1;
				GENERATE_INFOPLIST_FILE = YES;
				IPHONEOS_DEPLOYMENT_TARGET = 18.0;
				MARKETING_VERSION = 1.0;
				PRODUCT_BUNDLE_IDENTIFIER = "nimishmothghare.MyWallet-SwiftUITests";
				PRODUCT_NAME = "$(TARGET_NAME)";
				SWIFT_EMIT_LOC_STRINGS = NO;
				SWIFT_VERSION = 5.0;
				TARGETED_DEVICE_FAMILY = "1,2";
				TEST_HOST = "$(BUILT_PRODUCTS_DIR)/MyWallet-SwiftUI.app/$(BUNDLE_EXECUTABLE_FOLDER_PATH)/MyWallet-SwiftUI";
			};
			name = Debug;
		};
		060032612D844FCD001BAAE9 /* Release */ = {
			isa = XCBuildConfiguration;
			buildSettings = {
				BUNDLE_LOADER = "$(TEST_HOST)";
				CODE_SIGN_STYLE = Automatic;
				CURRENT_PROJECT_VERSION = 1;
				GENERATE_INFOPLIST_FILE = YES;
				IPHONEOS_DEPLOYMENT_TARGET = 18.0;
				MARKETING_VERSION = 1.0;
				PRODUCT_BUNDLE_IDENTIFIER = "nimishmothghare.MyWallet-SwiftUITests";
				PRODUCT_NAME = "$(TARGET_NAME)";
				SWIFT_EMIT_LOC_STRINGS = NO;
				SWIFT_VERSION = 5.0;
				TARGETED_DEVICE_FAMILY = "1,2";
				TEST_HOST = "$(BUILT_PRODUCTS_DIR)/MyWallet-SwiftUI.app/$(BUNDLE_EXECUTABLE_FOLDER_PATH)/MyWallet-SwiftUI";
			};
			name = Release;
		};
		060032632D844FCD001BAAE9 /* Debug */ = {
			isa = XCBuildConfiguration;
			buildSettings = {
				CODE_SIGN_STYLE = Automatic;
				CURRENT_PROJECT_VERSION = 1;
				GENERATE_INFOPLIST_FILE = YES;
				MARKETING_VERSION = 1.0;
				PRODUCT_BUNDLE_IDENTIFIER = "nimishmothghare.MyWallet-SwiftUIUITests";
				PRODUCT_NAME = "$(TARGET_NAME)";
				SWIFT_EMIT_LOC_STRINGS = NO;
				SWIFT_VERSION = 5.0;
				TARGETED_DEVICE_FAMILY = "1,2";
				TEST_TARGET_NAME = "MyWallet-SwiftUI";
			};
			name = Debug;
		};
		060032642D844FCD001BAAE9 /* Release */ = {
			isa = XCBuildConfiguration;
			buildSettings = {
				CODE_SIGN_STYLE = Automatic;
				CURRENT_PROJECT_VERSION = 1;
				GENERATE_INFOPLIST_FILE = YES;
				MARKETING_VERSION = 1.0;
				PRODUCT_BUNDLE_IDENTIFIER = "nimishmothghare.MyWallet-SwiftUIUITests";
				PRODUCT_NAME = "$(TARGET_NAME)";
				SWIFT_EMIT_LOC_STRINGS = NO;
				SWIFT_VERSION = 5.0;
				TARGETED_DEVICE_FAMILY = "1,2";
				TEST_TARGET_NAME = "MyWallet-SwiftUI";
			};
			name = Release;
		};
/* End XCBuildConfiguration section */

/* Begin XCConfigurationList section */
		060032332D844FCA001BAAE9 /* Build configuration list for PBXProject "MyWallet-SwiftUI" */ = {
			isa = XCConfigurationList;
			buildConfigurations = (
				0600325A2D844FCD001BAAE9 /* Debug */,
				0600325B2D844FCD001BAAE9 /* Release */,
			);
			defaultConfigurationIsVisible = 0;
			defaultConfigurationName = Release;
		};
		0600325C2D844FCD001BAAE9 /* Build configuration list for PBXNativeTarget "MyWallet-SwiftUI" */ = {
			isa = XCConfigurationList;
			buildConfigurations = (
				0600325D2D844FCD001BAAE9 /* Debug */,
				0600325E2D844FCD001BAAE9 /* Release */,
			);
			defaultConfigurationIsVisible = 0;
			defaultConfigurationName = Release;
		};
		0600325F2D844FCD001BAAE9 /* Build configuration list for PBXNativeTarget "MyWallet-SwiftUITests" */ = {
			isa = XCConfigurationList;
			buildConfigurations = (
				060032602D844FCD001BAAE9 /* Debug */,
				060032612D844FCD001BAAE9 /* Release */,
			);
			defaultConfigurationIsVisible = 0;
			defaultConfigurationName = Release;
		};
		060032622D844FCD001BAAE9 /* Build configuration list for PBXNativeTarget "MyWallet-SwiftUIUITests" */ = {
			isa = XCConfigurationList;
			buildConfigurations = (
				060032632D844FCD001BAAE9 /* Debug */,
				060032642D844FCD001BAAE9 /* Release */,
			);
			defaultConfigurationIsVisible = 0;
			defaultConfigurationName = Release;
		};
/* End XCConfigurationList section */
	};
	rootObject = 060032302D844FCA001BAAE9 /* Project object */;
}
